
Microsoft Visual Studio Solution File, Format Version 12.00
# Visual Studio Version 16
VisualStudioVersion = 16.0.30204.135
MinimumVisualStudioVersion = 10.0.40219.1
Project("{9A19103F-16F7-4668-BE54-9A1E7A4F7556}") = "CWSSearch.Test", "CWSSearch.Test\CWSSearch.Test.csproj", "{9F773B1B-D579-4870-A1A5-E999C1371BEB}"
EndProject
Project("{FAE04EC0-301F-11D3-BF4B-00C04F79EFBC}") = "CWSSearch.Elasticsearch", "CWSSearch.Elasticsearch\CWSSearch.Elasticsearch.csproj", "{9E096069-2CBC-4B1F-BFA5-80708119AE44}"
EndProject
Global
	GlobalSection(SolutionConfigurationPlatforms) = preSolution
		Debug|Any CPU = Debug|Any CPU
		Release|Any CPU = Release|Any CPU
	EndGlobalSection
	GlobalSection(ProjectConfigurationPlatforms) = postSolution
		{9F773B1B-D579-4870-A1A5-E999C1371BEB}.Debug|Any CPU.ActiveCfg = Debug|Any CPU
		{9F773B1B-D579-4870-A1A5-E999C1371BEB}.Debug|Any CPU.Build.0 = Debug|Any CPU
		{9F773B1B-D579-4870-A1A5-E999C1371BEB}.Release|Any CPU.ActiveCfg = Release|Any CPU
		{9F773B1B-D579-4870-A1A5-E999C1371BEB}.Release|Any CPU.Build.0 = Release|Any CPU
		{9E096069-2CBC-4B1F-BFA5-80708119AE44}.Debug|Any CPU.ActiveCfg = Debug|Any CPU
		{9E096069-2CBC-4B1F-BFA5-80708119AE44}.Debug|Any CPU.Build.0 = Debug|Any CPU
		{9E096069-2CBC-4B1F-BFA5-80708119AE44}.Release|Any CPU.ActiveCfg = Release|Any CPU
		{9E096069-2CBC-4B1F-BFA5-80708119AE44}.Release|Any CPU.Build.0 = Release|Any CPU
	EndGlobalSection
	GlobalSection(SolutionProperties) = preSolution
		HideSolutionNode = FALSE
	EndGlobalSection
	GlobalSection(ExtensibilityGlobals) = postSolution
		SolutionGuid = {51FD258A-149A-4B5B-ACC1-8034C64D94AF}
	EndGlobalSection
EndGlobal
